# This file may be used to create an environment using:
# $ conda create --name <env> --file <this file>
# platform: win-64
@EXPLICIT
https://conda.anaconda.org/conda-forge/win-64/ucrt-10.0.26100.0-h57928b3_0.conda#71b24316859acd00bdb8b38f5e2ce328
https://conda.anaconda.org/conda-forge/win-64/libwinpthread-12.0.0.r4.gg4f2fc60ca-h57928b3_10.conda#8a86073cf3b343b87d03f41790d8b4e5
https://conda.anaconda.org/conda-forge/win-64/libgomp-16.1.0-h8ee18e1_1.conda#baa80f69f3a43e4ec7e1cfb3addeae56
https://conda.anaconda.org/conda-forge/win-64/_openmp_mutex-4.5-20_gnu.conda#1626967b574d1784b578b52eaeb071e7
https://conda.anaconda.org/conda-forge/win-64/vcomp14-14.51.36247-habf1de7_41.conda#350bb67a5c8e5f1c53347ac544ab6600
https://conda.anaconda.org/conda-forge/win-64/vc14_runtime-14.51.36247-habf1de7_41.conda#ac5333bb3d429361f23adf704cc49a78
https://conda.anaconda.org/conda-forge/win-64/vc-14.5-ha367084_41.conda#aa805b5522c2a98fa286e551a1f48546
https://conda.anaconda.org/conda-forge/win-64/bzip2-1.0.8-h0ad9c76_9.conda#4cb8e6b48f67de0b018719cdf1136306
https://conda.anaconda.org/conda-forge/noarch/vswhere-3.1.7-h40126e0_1.conda#f622897afff347b715d046178ad745a5
https://conda.anaconda.org/conda-forge/win-64/vs2022_win-64-19.44.35207-ha74f236_41.conda#04190e0ebd886433300ce9343ee98942
https://conda.anaconda.org/conda-forge/win-64/c-compiler-1.11.0-h528c1b4_0.conda#6d994ff9ab924ba11c2c07e93afbe485
https://conda.anaconda.org/conda-forge/noarch/ca-certificates-2026.7.22-h4c7d964_0.conda#e27d2ac27b096dc51fedfcf775a53f9b
https://conda.anaconda.org/conda-forge/noarch/cuda-version-12.8-h5d125a7_3.conda#794eaca58880616a508dd6f6eb389266
https://conda.anaconda.org/conda-forge/noarch/cuda-cccl_win-64-12.8.90-h57928b3_1.conda#9a33f3e2b0dc3681024e78b1aff67870
https://conda.anaconda.org/conda-forge/win-64/cuda-cupti-12.8.90-he0c23c2_1.conda#9594a153a558254a7f5bde2beffd9420
https://conda.anaconda.org/conda-forge/win-64/cuda-cupti-dev-12.8.90-he0c23c2_1.conda#c5dcc8f3998d0548ef1cb6ebdb179ec3
https://conda.anaconda.org/conda-forge/win-64/cuda-nvdisasm-12.8.90-he0c23c2_1.conda#850eadbca53bce9b375cbfdc32d9363c
https://conda.anaconda.org/conda-forge/win-64/cuda-cuobjdump-12.8.90-he0c23c2_1.conda#272274ebfa01abc16f360b7aac0041e1
https://conda.anaconda.org/conda-forge/win-64/cuda-cuxxfilt-12.8.90-he0c23c2_1.conda#4c3b3dc3366ce4e7e7569843498d6272
https://conda.anaconda.org/conda-forge/noarch/cuda-cudart-static_win-64-12.8.90-he0c23c2_1.conda#83a80ecfc570df2a6ad4007bbc6a24fa
https://conda.anaconda.org/conda-forge/noarch/cuda-cudart_win-64-12.8.90-he0c23c2_1.conda#0d459b517a79152e88c17104dc4f4562
https://conda.anaconda.org/conda-forge/noarch/cuda-cudart-dev_win-64-12.8.90-he0c23c2_1.conda#6e95a2907824258b1e070ca61dd502e4
https://conda.anaconda.org/conda-forge/noarch/cuda-crt-dev_win-64-12.8.93-h57928b3_3.conda#f4f4c89d095b402af652d4046e7df7a4
https://conda.anaconda.org/conda-forge/noarch/cuda-nvvm-dev_win-64-12.8.93-h57928b3_3.conda#692de302dc3cbb244a09058aa1f9a56e
https://conda.anaconda.org/conda-forge/noarch/cuda-nvcc-dev_win-64-12.8.93-h36c15f3_3.conda#634ebd2b59e87e86040393a390bedf11
https://conda.anaconda.org/conda-forge/win-64/cuda-cudart-12.8.90-he0c23c2_1.conda#7afdeb39446eb69f994f25afb102bb8c
https://conda.anaconda.org/conda-forge/win-64/cuda-cudart-static-12.8.90-he0c23c2_1.conda#981b5f0a15f584a0b98adde4598118a3
https://conda.anaconda.org/conda-forge/win-64/cuda-cudart-dev-12.8.90-he0c23c2_1.conda#d6172ec6c5183f3b8875c75baeb8e2f0
https://conda.anaconda.org/conda-forge/win-64/cuda-crt-tools-12.8.93-h57928b3_3.conda#c578d72f235ee7805154da49102b9c65
https://conda.anaconda.org/conda-forge/win-64/cuda-nvvm-tools-12.8.93-he0c23c2_3.conda#4367590eb2e50d27705a0a215f2222b8
https://conda.anaconda.org/conda-forge/win-64/cuda-nvcc-tools-12.8.93-he0c23c2_3.conda#e025f408f78321a3640f684c78558825
https://conda.anaconda.org/conda-forge/win-64/cuda-nvvm-impl-12.8.93-he0c23c2_3.conda#24c10157bccd10fff3096fa3a6d1200c
https://conda.anaconda.org/conda-forge/win-64/cuda-nvcc-impl-12.8.93-h53cbb54_3.conda#65840d7753e24d3909975272d60eeb34
https://conda.anaconda.org/conda-forge/win-64/cuda-nvcc_win-64-12.8.93-hd70436c_2.conda#c00935877a85b057bf8efb151f5a9b5a
https://conda.anaconda.org/conda-forge/win-64/vs2019_win-64-19.29.30139-h7dcff83_41.conda#8cddf0c44bd1cd5efc1ad00380aa6c8c
https://conda.anaconda.org/conda-forge/win-64/cuda-nvcc-12.8.93-h8f04d04_2.conda#c172cdada3ddc1dbe8ea5f48e344f13f
https://conda.anaconda.org/conda-forge/win-64/cuda-nvprune-12.8.90-he0c23c2_1.conda#06e56332fbf772926a69cae4004ca1b4
https://conda.anaconda.org/conda-forge/win-64/cxx-compiler-1.11.0-h1c1089f_0.conda#4d94d3c01add44dc9d24359edf447507
https://conda.anaconda.org/conda-forge/noarch/cuda-compiler-12.8.2-h559df3f_0.conda#0c1c78a031044519a4549777360639a6
https://conda.anaconda.org/conda-forge/win-64/cuda-nvrtc-12.8.93-he0c23c2_1.conda#1971a2a454a892fbb05bde72aee865f5
https://conda.anaconda.org/conda-forge/win-64/opencl-headers-2025.06.13-h826ebb9_0.conda#77af5a2fabd1c8c3eb9e0a7b3d5afc22
https://conda.anaconda.org/conda-forge/win-64/khronos-opencl-icd-loader-2024.10.24-h2466b09_1.conda#71a72eb0eed16a4a76fd88359be48fec
https://conda.anaconda.org/conda-forge/win-64/cuda-opencl-12.8.90-he0c23c2_1.conda#bb1d5fed6213c38226f9897637cc67c3
https://conda.anaconda.org/conda-forge/win-64/libcublas-12.8.5.5-hac47afa_0.conda#c152457e413bfec74b1188de73dbe3a4
https://conda.anaconda.org/conda-forge/win-64/libcufft-11.3.3.83-he0c23c2_1.conda#6e4c0fa04966e643cbe847321bdeee54
https://conda.anaconda.org/conda-forge/win-64/libcurand-10.3.9.90-he0c23c2_1.conda#570a9b24de539d7ec8bda1e69e49ece0
https://conda.anaconda.org/conda-forge/win-64/libnvjitlink-12.8.93-he0c23c2_1.conda#e8ac6a1c24d1c29b1ca77b62f25fa0e8
https://conda.anaconda.org/conda-forge/win-64/libcusparse-12.5.8.93-he0c23c2_1.conda#50600717c953c6fa95f25e497cdea47d
https://conda.anaconda.org/conda-forge/win-64/libcusolver-11.7.3.90-he0c23c2_1.conda#830a8909cfd5427f57b93ca6e468c1dd
https://conda.anaconda.org/conda-forge/win-64/libnpp-12.3.3.100-he0c23c2_1.conda#7f6c21c23c9100c8ac8484cff94f264b
https://conda.anaconda.org/conda-forge/win-64/libnvfatbin-12.8.90-he0c23c2_1.conda#9f9b73298d12abb33ae75c8ca58bf881
https://conda.anaconda.org/conda-forge/win-64/libnvjpeg-12.3.5.92-he0c23c2_1.conda#2692c165d6c8647e701c3454cd0cb10a
https://conda.anaconda.org/conda-forge/win-64/cuda-libraries-12.8.2-h57928b3_0.conda#10c3466ecd941bbb8aab6bb05018e7c8
https://conda.anaconda.org/conda-forge/win-64/cuda-nvrtc-dev-12.8.93-he0c23c2_1.conda#c3043dc156ccb516b06869df298e114e
https://conda.anaconda.org/conda-forge/win-64/cuda-opencl-dev-12.8.90-he0c23c2_1.conda#1c4d43e4344c0a3bdcc8c86ee524a14f
https://conda.anaconda.org/conda-forge/win-64/cuda-profiler-api-12.8.90-h57928b3_1.conda#02c6307700f8653bef398989e00047c8
https://conda.anaconda.org/conda-forge/win-64/libcublas-dev-12.8.5.5-hac47afa_0.conda#af9c14ae0bf8e54b1ef3b3c08bd723e5
https://conda.anaconda.org/conda-forge/win-64/libcufft-dev-11.3.3.83-he0c23c2_1.conda#5646eca31dc7da9f029df423ec43451b
https://conda.anaconda.org/conda-forge/win-64/libcurand-dev-10.3.9.90-he0c23c2_1.conda#b52f69005ed5412ce0cd49825484d421
https://conda.anaconda.org/conda-forge/win-64/libcusolver-dev-11.7.3.90-he0c23c2_1.conda#25085dd64f86d4ac51bd3091b5429c96
https://conda.anaconda.org/conda-forge/win-64/libcusparse-dev-12.5.8.93-he0c23c2_1.conda#a7733ca63fae4eee4f92cb5b3a384645
https://conda.anaconda.org/conda-forge/win-64/libnpp-dev-12.3.3.100-he0c23c2_1.conda#6179c9f1ed7febb1b17c5c57af8358c3
https://conda.anaconda.org/conda-forge/win-64/libnvfatbin-dev-12.8.90-he0c23c2_1.conda#cedba12776904ade469eb2de7cd3d4a6
https://conda.anaconda.org/conda-forge/win-64/libnvjitlink-dev-12.8.93-he0c23c2_1.conda#c04777f7fca60ea2f37f60fcdfa2c0fe
https://conda.anaconda.org/conda-forge/win-64/libnvjpeg-dev-12.3.5.92-h57928b3_1.conda#331d1495ffd03005a60c2bef081c805e
https://conda.anaconda.org/conda-forge/win-64/cuda-libraries-dev-12.8.2-h57928b3_0.conda#9d87c9aae6d3e08e4a604223e5bf7637
https://conda.anaconda.org/conda-forge/win-64/cuda-nvml-dev-12.8.90-he0c23c2_1.conda#d5e9f7d7bce673bb0e643899ade89236
https://conda.anaconda.org/conda-forge/win-64/libexpat-2.8.1-hac47afa_1.conda#ccc490c81ffe14181861beac0e8f3169
https://conda.anaconda.org/conda-forge/win-64/libzlib-1.3.2-hfd05255_3.conda#5d2ff29d465097458cc3ff6569151991
https://conda.anaconda.org/conda-forge/win-64/libpng-1.6.58-h7351971_0.conda#52f1280563f3b48b5f75414cd2d15dd1
https://conda.anaconda.org/conda-forge/win-64/libfreetype6-2.14.3-hdbac1cb_1.conda#4e4d54f9f98383d977ba56ef39ebf46d
https://conda.anaconda.org/conda-forge/win-64/libfreetype-2.14.3-h57928b3_1.conda#e45b52fb9a81c9e2708465a706e05952
https://conda.anaconda.org/conda-forge/win-64/libiconv-1.18-hc1393d2_2.conda#64571d1dd6cdcfa25d0664a5950fdaa2
https://conda.anaconda.org/conda-forge/win-64/libintl-0.22.5-h5728263_3.conda#2cf0cf76cc15d360dfa2f17fd6cf9772
https://conda.anaconda.org/conda-forge/win-64/fontconfig-2.18.2-hd47e2ca_0.conda#8a2cb80ec7f2a366dd53b48403844154
https://conda.anaconda.org/conda-forge/noarch/font-ttf-dejavu-sans-mono-2.37-hab24e00_0.tar.bz2#0c96522c6bdaed4b1566d11387caaf45
https://conda.anaconda.org/conda-forge/noarch/font-ttf-inconsolata-3.000-h77eed37_0.tar.bz2#34893075a5c9e55cdafac56607368fc6
https://conda.anaconda.org/conda-forge/noarch/font-ttf-source-code-pro-2.038-h77eed37_0.tar.bz2#4d59c254e01d9cde7957100457e2d5fb
https://conda.anaconda.org/conda-forge/noarch/font-ttf-ubuntu-0.83-h77eed37_3.conda#49023d73832ef61042f6a237cb2687e7
https://conda.anaconda.org/conda-forge/noarch/fonts-conda-forge-1-hc364b38_1.conda#a7970cd949a077b7cb9696379d338681
https://conda.anaconda.org/conda-forge/noarch/fonts-conda-ecosystem-1-0.tar.bz2#fee5683a3f04bd15cbd8318b096a27ab
https://conda.anaconda.org/conda-forge/win-64/zlib-1.3.2-hfd05255_3.conda#945092a9bc1d0f250f7d5ecf51ecd471
https://conda.anaconda.org/conda-forge/win-64/freetype-2.14.3-h57928b3_1.conda#e77293b32225b136a8be300f93d0e89f
https://conda.anaconda.org/conda-forge/win-64/openssl-3.6.3-hf411b9b_1.conda#a978392692a910ba1c8920ccb1e784b3
https://conda.anaconda.org/conda-forge/win-64/krb5-1.21.3-hdf4eb48_0.conda#31aec030344e962fbd7dbbbbd68e60a9
https://conda.anaconda.org/conda-forge/win-64/libffi-3.7.0-h3d046cb_0.conda#92bdfc0e5012660892b0e0eaf3069a5c
https://conda.anaconda.org/conda-forge/win-64/pcre2-10.44-h99c9b8b_2.conda#a912b2c4ff0f03101c751aa79a331831
https://conda.anaconda.org/conda-forge/win-64/libglib-2.84.0-h7025463_0.conda#ea8df8a5c5c7adf4c03bf9e3db1637c3
https://conda.anaconda.org/conda-forge/win-64/libgcc-16.1.0-h110b43a_1.conda#0b5cc3373b5f925934421259463397a4
https://conda.anaconda.org/conda-forge/win-64/pthread-stubs-0.4-hba3369d_1003.conda#bc97d497656c9c661ffd3043aca90aa4
https://conda.anaconda.org/conda-forge/win-64/xorg-libxau-1.0.12-hba3369d_1.conda#8436cab9a76015dfe7208d3c9f97c156
https://conda.anaconda.org/conda-forge/win-64/xorg-libxdmcp-1.1.5-hba3369d_1.conda#a7c03e38aa9c0e84d41881b9236eacfb
https://conda.anaconda.org/conda-forge/win-64/libxcb-1.17.0-h0e4246c_0.conda#a69bbf778a462da324489976c84cfc8c
https://conda.anaconda.org/conda-forge/win-64/git-lfs-3.7.1-h6121922_2.conda#6e390758667cc219e06f2d9455ee0b93
https://conda.anaconda.org/conda-forge/win-64/liblzma-5.8.3-hfd05255_1.conda#880a0c8549479b198af21ba5dc49b109
https://conda.anaconda.org/conda-forge/win-64/libsqlite-3.53.4-hf5d6505_0.conda#ca0d59f40a02a15e9b5d0ff8db0f85e3
https://conda.anaconda.org/conda-forge/win-64/tk-8.6.13-h967ab96_3.conda#aaf79e2af50a151fb5b5a3e3f38b7a69
https://conda.anaconda.org/conda-forge/noarch/tzdata-2026c-h151e31d_0.conda#fcb489df604d100968b737f2cb6076c6
https://conda.anaconda.org/conda-forge/win-64/python-3.10.20-hc20f281_1_cpython.conda#62018eccb570c1fb288b550f804fb940
https://conda.anaconda.org/conda-forge/noarch/packaging-26.3-pyhc364b38_0.conda#936687ed80f295a1f5dbcf8bd34c252c
https://conda.anaconda.org/conda-forge/noarch/setuptools-84.0.0-pyh332efcf_0.conda#62ac906f1cd582c6c264c95625cb9d6f
https://conda.anaconda.org/conda-forge/noarch/wheel-0.47.0-pyhd8ed1ab_0.conda#d0e3b2f0030cf4fca58bde71d246e94c
https://conda.anaconda.org/conda-forge/noarch/pip-26.2.1-pyh8b19718_0.conda#77b6cf3b0689d9fc68561df0db9b856d
